
Microsoft Visual Studio Solution File, Format Version 12.00
# Visual Studio Version 17
VisualStudioVersion = 17.13.35931.197 d17.13
MinimumVisualStudioVersion = 10.0.40219.1
Project("{FAE04EC0-301F-11D3-BF4B-00C04F79EFBC}") = "JavaVersionManager", "JavaVersionManager\JavaVersionManager.csproj", "{041C0D82-72EE-462B-A758-9EB6B402F353}"
EndProject
Global
	GlobalSection(SolutionConfigurationPlatforms) = preSolution
		Debug|Any CPU = Debug|Any CPU
		Release|Any CPU = Release|Any CPU
	EndGlobalSection
	GlobalSection(ProjectConfigurationPlatforms) = postSolution
		{041C0D82-72EE-462B-A758-9EB6B402F353}.Debug|Any CPU.ActiveCfg = Debug|Any CPU
		{041C0D82-72EE-462B-A758-9EB6B402F353}.Debug|Any CPU.Build.0 = Debug|Any CPU
		{041C0D82-72EE-462B-A758-9EB6B402F353}.Release|Any CPU.ActiveCfg = Release|Any CPU
		{041C0D82-72EE-462B-A758-9EB6B402F353}.Release|Any CPU.Build.0 = Release|Any CPU
	EndGlobalSection
	GlobalSection(SolutionProperties) = preSolution
		HideSolutionNode = FALSE
	EndGlobalSection
	GlobalSection(ExtensibilityGlobals) = postSolution
		SolutionGuid = {51DE9D1F-3369-45D2-B74D-1E2590034658}
	EndGlobalSection
EndGlobal
